
Microsoft Visual Studio Solution File, Format Version 12.00
# Visual Studio 15
VisualStudioVersion = 15.0.28010.2016
MinimumVisualStudioVersion = 10.0.40219.1
Project("{8BC9CEB8-8B4A-11D0-8D11-00A0C91BC942}") = "Composite", "Composite\Composite.vcxproj", "{62DB48A2-17EE-4351-A87F-D38D9222EACF}"
EndProject
Global
	GlobalSection(SolutionConfigurationPlatforms) = preSolution
		Debug|x64 = Debug|x64
		Debug|x86 = Debug|x86
		Release|x64 = Release|x64
		Release|x86 = Release|x86
	EndGlobalSection
	GlobalSection(ProjectConfigurationPlatforms) = postSolution
		{62DB48A2-17EE-4351-A87F-D38D9222EACF}.Debug|x64.ActiveCfg = Debug|x64
		{62DB48A2-17EE-4351-A87F-D38D9222EACF}.Debug|x64.Build.0 = Debug|x64
		{62DB48A2-17EE-4351-A87F-D38D9222EACF}.Debug|x86.ActiveCfg = Debug|Win32
		{62DB48A2-17EE-4351-A87F-D38D9222EACF}.Debug|x86.Build.0 = Debug|Win32
		{62DB48A2-17EE-4351-A87F-D38D9222EACF}.Release|x64.ActiveCfg = Release|x64
		{62DB48A2-17EE-4351-A87F-D38D9222EACF}.Release|x64.Build.0 = Release|x64
		{62DB48A2-17EE-4351-A87F-D38D9222EACF}.Release|x86.ActiveCfg = Release|Win32
		{62DB48A2-17EE-4351-A87F-D38D9222EACF}.Release|x86.Build.0 = Release|Win32
	EndGlobalSection
	GlobalSection(SolutionProperties) = preSolution
		HideSolutionNode = FALSE
	EndGlobalSection
	GlobalSection(ExtensibilityGlobals) = postSolution
		SolutionGuid = {D57EA747-6CC9-4384-B530-BABE40A3524A}
	EndGlobalSection
EndGlobal
